
Microsoft Visual Studio Solution File, Format Version 12.00
# Visual Studio Version 17
VisualStudioVersion = 17.9.34728.123
MinimumVisualStudioVersion = 10.0.40219.1
Project("{FAE04EC0-301F-11D3-BF4B-00C04F79EFBC}") = "CalculadoraIMC", "CalculadoraIMC\CalculadoraIMC.csproj", "{91839BFE-3052-47D0-876B-67069F733139}"
EndProject
Global
	GlobalSection(SolutionConfigurationPlatforms) = preSolution
		Debug|Any CPU = Debug|Any CPU
		Release|Any CPU = Release|Any CPU
	EndGlobalSection
	GlobalSection(ProjectConfigurationPlatforms) = postSolution
		{91839BFE-3052-47D0-876B-67069F733139}.Debug|Any CPU.ActiveCfg = Debug|Any CPU
		{91839BFE-3052-47D0-876B-67069F733139}.Debug|Any CPU.Build.0 = Debug|Any CPU
		{91839BFE-3052-47D0-876B-67069F733139}.Release|Any CPU.ActiveCfg = Release|Any CPU
		{91839BFE-3052-47D0-876B-67069F733139}.Release|Any CPU.Build.0 = Release|Any CPU
	EndGlobalSection
	GlobalSection(SolutionProperties) = preSolution
		HideSolutionNode = FALSE
	EndGlobalSection
	GlobalSection(ExtensibilityGlobals) = postSolution
		SolutionGuid = {E701F033-555C-4E1E-BBB8-B0F70E5AA9F8}
	EndGlobalSection
EndGlobal
